
Microsoft Visual Studio Solution File, Format Version 12.00
# Visual Studio 15
VisualStudioVersion = 15.0.27407.1
MinimumVisualStudioVersion = 10.0.40219.1
Project("{9A19103F-16F7-4668-BE54-9A1E7A4F7556}") = "Microsoft.VisualStudio.SDK.Analyzers", "Microsoft.VisualStudio.SDK.Analyzers\Microsoft.VisualStudio.SDK.Analyzers.csproj", "{C01185FA-A307-4EE5-8DB4-7BE702B16E77}"
EndProject
Project("{FAE04EC0-301F-11D3-BF4B-00C04F79EFBC}") = "Microsoft.VisualStudio.SDK.Analyzers.Tests", "Microsoft.VisualStudio.SDK.Analyzers.Tests\Microsoft.VisualStudio.SDK.Analyzers.Tests.csproj", "{91513758-87A5-43C2-8383-0CEC8B5A3C27}"
EndProject
Global
	GlobalSection(SolutionConfigurationPlatforms) = preSolution
		Debug|Any CPU = Debug|Any CPU
		Release|Any CPU = Release|Any CPU
	EndGlobalSection
	GlobalSection(ProjectConfigurationPlatforms) = postSolution
		{C01185FA-A307-4EE5-8DB4-7BE702B16E77}.Debug|Any CPU.ActiveCfg = Debug|Any CPU
		{C01185FA-A307-4EE5-8DB4-7BE702B16E77}.Debug|Any CPU.Build.0 = Debug|Any CPU
		{C01185FA-A307-4EE5-8DB4-7BE702B16E77}.Release|Any CPU.ActiveCfg = Release|Any CPU
		{C01185FA-A307-4EE5-8DB4-7BE702B16E77}.Release|Any CPU.Build.0 = Release|Any CPU
		{91513758-87A5-43C2-8383-0CEC8B5A3C27}.Debug|Any CPU.ActiveCfg = Debug|Any CPU
		{91513758-87A5-43C2-8383-0CEC8B5A3C27}.Debug|Any CPU.Build.0 = Debug|Any CPU
		{91513758-87A5-43C2-8383-0CEC8B5A3C27}.Release|Any CPU.ActiveCfg = Release|Any CPU
		{91513758-87A5-43C2-8383-0CEC8B5A3C27}.Release|Any CPU.Build.0 = Release|Any CPU
	EndGlobalSection
	GlobalSection(SolutionProperties) = preSolution
		HideSolutionNode = FALSE
	EndGlobalSection
	GlobalSection(ExtensibilityGlobals) = postSolution
		SolutionGuid = {B26EDBEE-6240-419F-9E6C-55AC2F09ADA0}
	EndGlobalSection
EndGlobal
